
Microsoft Visual Studio Solution File, Format Version 12.00
# Visual Studio Version 16
VisualStudioVersion = 16.0.30611.23
MinimumVisualStudioVersion = 10.0.40219.1
Project("{FAE04EC0-301F-11D3-BF4B-00C04F79EFBC}") = "WebRest", "WebRest\WebRest.csproj", "{3B10559E-18FC-4C1D-90B7-BA20A3E1E75B}"
EndProject
Global
	GlobalSection(SolutionConfigurationPlatforms) = preSolution
		Debug|Any CPU = Debug|Any CPU
		Release|Any CPU = Release|Any CPU
	EndGlobalSection
	GlobalSection(ProjectConfigurationPlatforms) = postSolution
		{3B10559E-18FC-4C1D-90B7-BA20A3E1E75B}.Debug|Any CPU.ActiveCfg = Debug|Any CPU
		{3B10559E-18FC-4C1D-90B7-BA20A3E1E75B}.Debug|Any CPU.Build.0 = Debug|Any CPU
		{3B10559E-18FC-4C1D-90B7-BA20A3E1E75B}.Release|Any CPU.ActiveCfg = Release|Any CPU
		{3B10559E-18FC-4C1D-90B7-BA20A3E1E75B}.Release|Any CPU.Build.0 = Release|Any CPU
	EndGlobalSection
	GlobalSection(SolutionProperties) = preSolution
		HideSolutionNode = FALSE
	EndGlobalSection
	GlobalSection(ExtensibilityGlobals) = postSolution
		SolutionGuid = {9A0DB5F4-A08B-4B21-A2A7-978BE5AABC34}
	EndGlobalSection
EndGlobal
